{
  "version": 4,
  "terraform_version": "1.4.6",
  "serial": 207,
  "lineage": "43a58e93-9985-1bbf-dcc9-906cce28f8a0",
  "outputs": {
    "s3_bucket_id": {
      "value": "ansible-ec2-code-2023-45",
      "type": "string"
    }
  },
  "resources": [
    {
      "mode": "data",
      "type": "aws_subnet",
      "name": "public_subnets",
      "provider": "provider[\"registry.terraform.io/hashicorp/aws\"]",
      "instances": [
        {
          "index_key": "subnet-09f9f6391194fbc18",
          "schema_version": 0,
          "attributes": {
            "arn": "arn:aws:ec2:eu-west-2:883758623178:subnet/subnet-09f9f6391194fbc18",
            "assign_ipv6_address_on_creation": false,
            "availability_zone": "eu-west-2b",
            "availability_zone_id": "euw2-az3",
            "available_ip_address_count": 4090,
            "cidr_block": "172.31.32.0/20",
            "customer_owned_ipv4_pool": "",
            "default_for_az": true,
            "enable_dns64": false,
            "enable_lni_at_device_index": 0,
            "enable_resource_name_dns_a_record_on_launch": false,
            "enable_resource_name_dns_aaaa_record_on_launch": false,
            "filter": null,
            "id": "subnet-09f9f6391194fbc18",
            "ipv6_cidr_block": "",
            "ipv6_cidr_block_association_id": "",
            "ipv6_native": false,
            "map_customer_owned_ip_on_launch": false,
            "map_public_ip_on_launch": true,
            "outpost_arn": "",
            "owner_id": "883758623178",
            "private_dns_hostname_type_on_launch": "ip-name",
            "state": "available",
            "tags": {},
            "timeouts": null,
            "vpc_id": "vpc-08a67ab45cb374970"
          },
          "sensitive_attributes": []
        },
        {
          "index_key": "subnet-0dd9206c1d54d5206",
          "schema_version": 0,
          "attributes": {
            "arn": "arn:aws:ec2:eu-west-2:883758623178:subnet/subnet-0dd9206c1d54d5206",
            "assign_ipv6_address_on_creation": false,
            "availability_zone": "eu-west-2a",
            "availability_zone_id": "euw2-az2",
            "available_ip_address_count": 4091,
            "cidr_block": "172.31.16.0/20",
            "customer_owned_ipv4_pool": "",
            "default_for_az": true,
            "enable_dns64": false,
            "enable_lni_at_device_index": 0,
            "enable_resource_name_dns_a_record_on_launch": false,
            "enable_resource_name_dns_aaaa_record_on_launch": false,
            "filter": null,
            "id": "subnet-0dd9206c1d54d5206",
            "ipv6_cidr_block": "",
            "ipv6_cidr_block_association_id": "",
            "ipv6_native": false,
            "map_customer_owned_ip_on_launch": false,
            "map_public_ip_on_launch": true,
            "outpost_arn": "",
            "owner_id": "883758623178",
            "private_dns_hostname_type_on_launch": "ip-name",
            "state": "available",
            "tags": {},
            "timeouts": null,
            "vpc_id": "vpc-08a67ab45cb374970"
          },
          "sensitive_attributes": []
        },
        {
          "index_key": "subnet-0eb54e66613171029",
          "schema_version": 0,
          "attributes": {
            "arn": "arn:aws:ec2:eu-west-2:883758623178:subnet/subnet-0eb54e66613171029",
            "assign_ipv6_address_on_creation": false,
            "availability_zone": "eu-west-2c",
            "availability_zone_id": "euw2-az1",
            "available_ip_address_count": 4091,
            "cidr_block": "172.31.0.0/20",
            "customer_owned_ipv4_pool": "",
            "default_for_az": true,
            "enable_dns64": false,
            "enable_lni_at_device_index": 0,
            "enable_resource_name_dns_a_record_on_launch": false,
            "enable_resource_name_dns_aaaa_record_on_launch": false,
            "filter": null,
            "id": "subnet-0eb54e66613171029",
            "ipv6_cidr_block": "",
            "ipv6_cidr_block_association_id": "",
            "ipv6_native": false,
            "map_customer_owned_ip_on_launch": false,
            "map_public_ip_on_launch": true,
            "outpost_arn": "",
            "owner_id": "883758623178",
            "private_dns_hostname_type_on_launch": "ip-name",
            "state": "available",
            "tags": {},
            "timeouts": null,
            "vpc_id": "vpc-08a67ab45cb374970"
          },
          "sensitive_attributes": []
        }
      ]
    },
    {
      "mode": "data",
      "type": "aws_subnet_ids",
      "name": "public_subnets",
      "provider": "provider[\"registry.terraform.io/hashicorp/aws\"]",
      "instances": [
        {
          "schema_version": 0,
          "attributes": {
            "filter": [
              {
                "name": "map-public-ip-on-launch",
                "values": [
                  "true"
                ]
              }
            ],
            "id": "vpc-08a67ab45cb374970",
            "ids": [
              "subnet-09f9f6391194fbc18",
              "subnet-0dd9206c1d54d5206",
              "subnet-0eb54e66613171029"
            ],
            "tags": null,
            "timeouts": null,
            "vpc_id": "vpc-08a67ab45cb374970"
          },
          "sensitive_attributes": []
        }
      ]
    },
    {
      "mode": "data",
      "type": "aws_vpc",
      "name": "default",
      "provider": "provider[\"registry.terraform.io/hashicorp/aws\"]",
      "instances": [
        {
          "schema_version": 0,
          "attributes": {
            "arn": "arn:aws:ec2:eu-west-2:883758623178:vpc/vpc-08a67ab45cb374970",
            "cidr_block": "172.31.0.0/16",
            "cidr_block_associations": [
              {
                "association_id": "vpc-cidr-assoc-07514421abbda6695",
                "cidr_block": "172.31.0.0/16",
                "state": "associated"
              }
            ],
            "default": true,
            "dhcp_options_id": "dopt-00b43cfa61f417101",
            "enable_dns_hostnames": true,
            "enable_dns_support": true,
            "enable_network_address_usage_metrics": false,
            "filter": null,
            "id": "vpc-08a67ab45cb374970",
            "instance_tenancy": "default",
            "ipv6_association_id": "",
            "ipv6_cidr_block": "",
            "main_route_table_id": "rtb-06d7728675b589e12",
            "owner_id": "883758623178",
            "state": null,
            "tags": {},
            "timeouts": null
          },
          "sensitive_attributes": []
        }
      ]
    },
    {
      "mode": "managed",
      "type": "aws_iam_instance_profile",
      "name": "ec2_s3_access",
      "provider": "provider[\"registry.terraform.io/hashicorp/aws\"]",
      "instances": [
        {
          "schema_version": 0,
          "attributes": {
            "arn": "arn:aws:iam::883758623178:instance-profile/ec2-s3-access-instance-profile",
            "create_date": "2023-05-24T16:48:05Z",
            "id": "ec2-s3-access-instance-profile",
            "name": "ec2-s3-access-instance-profile",
            "name_prefix": "",
            "path": "/",
            "role": "ec2-s3-access-role",
            "tags": null,
            "tags_all": {},
            "unique_id": "AIPA43RA6NHFFIN2WABJP"
          },
          "sensitive_attributes": [],
          "private": "bnVsbA==",
          "dependencies": [
            "aws_iam_role.ec2_s3_access"
          ]
        }
      ]
    },
    {
      "mode": "managed",
      "type": "aws_iam_role",
      "name": "ec2_s3_access",
      "provider": "provider[\"registry.terraform.io/hashicorp/aws\"]",
      "instances": [
        {
          "schema_version": 0,
          "attributes": {
            "arn": "arn:aws:iam::883758623178:role/ec2-s3-access-role",
            "assume_role_policy": "{\"Statement\":[{\"Action\":\"sts:AssumeRole\",\"Effect\":\"Allow\",\"Principal\":{\"Service\":\"ec2.amazonaws.com\"},\"Sid\":\"\"}],\"Version\":\"2012-10-17\"}",
            "create_date": "2023-05-24T16:48:04Z",
            "description": "",
            "force_detach_policies": false,
            "id": "ec2-s3-access-role",
            "inline_policy": [],
            "managed_policy_arns": [],
            "max_session_duration": 3600,
            "name": "ec2-s3-access-role",
            "name_prefix": "",
            "path": "/",
            "permissions_boundary": null,
            "role_last_used": [
              {
                "last_used_date": "",
                "region": ""
              }
            ],
            "tags": null,
            "tags_all": {},
            "unique_id": "AROA43RA6NHFIWPLN2WUP"
          },
          "sensitive_attributes": [],
          "private": "bnVsbA=="
        }
      ]
    },
    {
      "mode": "managed",
      "type": "aws_iam_role_policy_attachment",
      "name": "ec2_s3_access",
      "provider": "provider[\"registry.terraform.io/hashicorp/aws\"]",
      "instances": [
        {
          "schema_version": 0,
          "attributes": {
            "id": "ec2-s3-access-role-20230524164804943800000002",
            "policy_arn": "arn:aws:iam::aws:policy/AmazonS3ReadOnlyAccess",
            "role": "ec2-s3-access-role"
          },
          "sensitive_attributes": [],
          "private": "bnVsbA==",
          "dependencies": [
            "aws_iam_role.ec2_s3_access"
          ]
        }
      ]
    },
    {
      "mode": "managed",
      "type": "aws_s3_bucket_object",
      "name": "ansible_files",
      "provider": "provider[\"registry.terraform.io/hashicorp/aws\"]",
      "instances": [
        {
          "index_key": "install_tomcat.yaml",
          "schema_version": 0,
          "attributes": {
            "acl": "private",
            "bucket": "ansible-ec2-code-2023-45",
            "bucket_key_enabled": false,
            "cache_control": "",
            "content": null,
            "content_base64": null,
            "content_disposition": "",
            "content_encoding": "",
            "content_language": "",
            "content_type": "binary/octet-stream",
            "etag": "66089147de245f24ab8bfc7c08cceeb9",
            "force_destroy": false,
            "id": "install_tomcat.yaml",
            "key": "install_tomcat.yaml",
            "kms_key_id": null,
            "metadata": null,
            "object_lock_legal_hold_status": "",
            "object_lock_mode": "",
            "object_lock_retain_until_date": "",
            "server_side_encryption": "AES256",
            "source": "../ansible/install_tomcat.yaml",
            "source_hash": null,
            "storage_class": "STANDARD",
            "tags": null,
            "tags_all": {},
            "version_id": "DY0SiPHo9pGzx2fGOvFQ0hZZdGv8Qb9j",
            "website_redirect": ""
          },
          "sensitive_attributes": [],
          "private": "bnVsbA==",
          "dependencies": [
            "module.s3_bucket.aws_s3_bucket.this",
            "module.s3_bucket.aws_s3_bucket_accelerate_configuration.this",
            "module.s3_bucket.aws_s3_bucket_acl.this",
            "module.s3_bucket.aws_s3_bucket_analytics_configuration.this",
            "module.s3_bucket.aws_s3_bucket_cors_configuration.this",
            "module.s3_bucket.aws_s3_bucket_intelligent_tiering_configuration.this",
            "module.s3_bucket.aws_s3_bucket_inventory.this",
            "module.s3_bucket.aws_s3_bucket_lifecycle_configuration.this",
            "module.s3_bucket.aws_s3_bucket_logging.this",
            "module.s3_bucket.aws_s3_bucket_metric.this",
            "module.s3_bucket.aws_s3_bucket_object_lock_configuration.this",
            "module.s3_bucket.aws_s3_bucket_ownership_controls.this",
            "module.s3_bucket.aws_s3_bucket_policy.this",
            "module.s3_bucket.aws_s3_bucket_public_access_block.this",
            "module.s3_bucket.aws_s3_bucket_replication_configuration.this",
            "module.s3_bucket.aws_s3_bucket_request_payment_configuration.this",
            "module.s3_bucket.aws_s3_bucket_server_side_encryption_configuration.this",
            "module.s3_bucket.aws_s3_bucket_versioning.this",
            "module.s3_bucket.aws_s3_bucket_website_configuration.this",
            "module.s3_bucket.data.aws_caller_identity.current",
            "module.s3_bucket.data.aws_canonical_user_id.this",
            "module.s3_bucket.data.aws_iam_policy_document.access_log_delivery",
            "module.s3_bucket.data.aws_iam_policy_document.combined",
            "module.s3_bucket.data.aws_iam_policy_document.deny_insecure_transport",
            "module.s3_bucket.data.aws_iam_policy_document.elb_log_delivery",
            "module.s3_bucket.data.aws_iam_policy_document.inventory_and_analytics_destination_policy",
            "module.s3_bucket.data.aws_iam_policy_document.lb_log_delivery",
            "module.s3_bucket.data.aws_iam_policy_document.require_latest_tls",
            "module.s3_bucket.data.aws_partition.current",
            "module.s3_bucket.data.aws_region.current"
          ]
        },
        {
          "index_key": "install_tomcat_admin.yaml",
          "schema_version": 0,
          "attributes": {
            "acl": "private",
            "bucket": "ansible-ec2-code-2023-45",
            "bucket_key_enabled": false,
            "cache_control": "",
            "content": null,
            "content_base64": null,
            "content_disposition": "",
            "content_encoding": "",
            "content_language": "",
            "content_type": "binary/octet-stream",
            "etag": "74e21ac211fdc1398d7a0580f517411f",
            "force_destroy": false,
            "id": "install_tomcat_admin.yaml",
            "key": "install_tomcat_admin.yaml",
            "kms_key_id": null,
            "metadata": null,
            "object_lock_legal_hold_status": "",
            "object_lock_mode": "",
            "object_lock_retain_until_date": "",
            "server_side_encryption": "AES256",
            "source": "../ansible/install_tomcat_admin.yaml",
            "source_hash": null,
            "storage_class": "STANDARD",
            "tags": null,
            "tags_all": {},
            "version_id": "nw4xjTJ3Tjoq8hUibaoUZHceSBQyshYB",
            "website_redirect": ""
          },
          "sensitive_attributes": [],
          "private": "bnVsbA==",
          "dependencies": [
            "module.s3_bucket.aws_s3_bucket.this",
            "module.s3_bucket.aws_s3_bucket_accelerate_configuration.this",
            "module.s3_bucket.aws_s3_bucket_acl.this",
            "module.s3_bucket.aws_s3_bucket_analytics_configuration.this",
            "module.s3_bucket.aws_s3_bucket_cors_configuration.this",
            "module.s3_bucket.aws_s3_bucket_intelligent_tiering_configuration.this",
            "module.s3_bucket.aws_s3_bucket_inventory.this",
            "module.s3_bucket.aws_s3_bucket_lifecycle_configuration.this",
            "module.s3_bucket.aws_s3_bucket_logging.this",
            "module.s3_bucket.aws_s3_bucket_metric.this",
            "module.s3_bucket.aws_s3_bucket_object_lock_configuration.this",
            "module.s3_bucket.aws_s3_bucket_ownership_controls.this",
            "module.s3_bucket.aws_s3_bucket_policy.this",
            "module.s3_bucket.aws_s3_bucket_public_access_block.this",
            "module.s3_bucket.aws_s3_bucket_replication_configuration.this",
            "module.s3_bucket.aws_s3_bucket_request_payment_configuration.this",
            "module.s3_bucket.aws_s3_bucket_server_side_encryption_configuration.this",
            "module.s3_bucket.aws_s3_bucket_versioning.this",
            "module.s3_bucket.aws_s3_bucket_website_configuration.this",
            "module.s3_bucket.data.aws_caller_identity.current",
            "module.s3_bucket.data.aws_canonical_user_id.this",
            "module.s3_bucket.data.aws_iam_policy_document.access_log_delivery",
            "module.s3_bucket.data.aws_iam_policy_document.combined",
            "module.s3_bucket.data.aws_iam_policy_document.deny_insecure_transport",
            "module.s3_bucket.data.aws_iam_policy_document.elb_log_delivery",
            "module.s3_bucket.data.aws_iam_policy_document.inventory_and_analytics_destination_policy",
            "module.s3_bucket.data.aws_iam_policy_document.lb_log_delivery",
            "module.s3_bucket.data.aws_iam_policy_document.require_latest_tls",
            "module.s3_bucket.data.aws_partition.current",
            "module.s3_bucket.data.aws_region.current"
          ]
        },
        {
          "index_key": "tomcat.service.j2",
          "schema_version": 0,
          "attributes": {
            "acl": "private",
            "bucket": "ansible-ec2-code-2023-45",
            "bucket_key_enabled": false,
            "cache_control": "",
            "content": null,
            "content_base64": null,
            "content_disposition": "",
            "content_encoding": "",
            "content_language": "",
            "content_type": "binary/octet-stream",
            "etag": "2901a53711b1ecf41b23bd5f316926e2",
            "force_destroy": false,
            "id": "tomcat.service.j2",
            "key": "tomcat.service.j2",
            "kms_key_id": null,
            "metadata": null,
            "object_lock_legal_hold_status": "",
            "object_lock_mode": "",
            "object_lock_retain_until_date": "",
            "server_side_encryption": "AES256",
            "source": "../ansible/tomcat.service.j2",
            "source_hash": null,
            "storage_class": "STANDARD",
            "tags": null,
            "tags_all": {},
            "version_id": "3W0xvqFa1LWdDEBEXfb3oHhzDkaHYKRn",
            "website_redirect": ""
          },
          "sensitive_attributes": [],
          "private": "bnVsbA==",
          "dependencies": [
            "module.s3_bucket.aws_s3_bucket.this",
            "module.s3_bucket.aws_s3_bucket_accelerate_configuration.this",
            "module.s3_bucket.aws_s3_bucket_acl.this",
            "module.s3_bucket.aws_s3_bucket_analytics_configuration.this",
            "module.s3_bucket.aws_s3_bucket_cors_configuration.this",
            "module.s3_bucket.aws_s3_bucket_intelligent_tiering_configuration.this",
            "module.s3_bucket.aws_s3_bucket_inventory.this",
            "module.s3_bucket.aws_s3_bucket_lifecycle_configuration.this",
            "module.s3_bucket.aws_s3_bucket_logging.this",
            "module.s3_bucket.aws_s3_bucket_metric.this",
            "module.s3_bucket.aws_s3_bucket_object_lock_configuration.this",
            "module.s3_bucket.aws_s3_bucket_ownership_controls.this",
            "module.s3_bucket.aws_s3_bucket_policy.this",
            "module.s3_bucket.aws_s3_bucket_public_access_block.this",
            "module.s3_bucket.aws_s3_bucket_replication_configuration.this",
            "module.s3_bucket.aws_s3_bucket_request_payment_configuration.this",
            "module.s3_bucket.aws_s3_bucket_server_side_encryption_configuration.this",
            "module.s3_bucket.aws_s3_bucket_versioning.this",
            "module.s3_bucket.aws_s3_bucket_website_configuration.this",
            "module.s3_bucket.data.aws_caller_identity.current",
            "module.s3_bucket.data.aws_canonical_user_id.this",
            "module.s3_bucket.data.aws_iam_policy_document.access_log_delivery",
            "module.s3_bucket.data.aws_iam_policy_document.combined",
            "module.s3_bucket.data.aws_iam_policy_document.deny_insecure_transport",
            "module.s3_bucket.data.aws_iam_policy_document.elb_log_delivery",
            "module.s3_bucket.data.aws_iam_policy_document.inventory_and_analytics_destination_policy",
            "module.s3_bucket.data.aws_iam_policy_document.lb_log_delivery",
            "module.s3_bucket.data.aws_iam_policy_document.require_latest_tls",
            "module.s3_bucket.data.aws_partition.current",
            "module.s3_bucket.data.aws_region.current"
          ]
        }
      ]
    },
    {
      "module": "module.ec2_instances[0]",
      "mode": "data",
      "type": "aws_partition",
      "name": "current",
      "provider": "provider[\"registry.terraform.io/hashicorp/aws\"]",
      "instances": [
        {
          "schema_version": 0,
          "attributes": {
            "dns_suffix": "amazonaws.com",
            "id": "aws",
            "partition": "aws",
            "reverse_dns_prefix": "com.amazonaws"
          },
          "sensitive_attributes": []
        }
      ]
    },
    {
      "module": "module.ec2_instances[0]",
      "mode": "data",
      "type": "aws_ssm_parameter",
      "name": "this",
      "provider": "provider[\"registry.terraform.io/hashicorp/aws\"]",
      "instances": [
        {
          "index_key": 0,
          "schema_version": 0,
          "attributes": {
            "arn": "arn:aws:ssm:eu-west-2::parameter/aws/service/ami-amazon-linux-latest/amzn2-ami-hvm-x86_64-gp2",
            "id": "/aws/service/ami-amazon-linux-latest/amzn2-ami-hvm-x86_64-gp2",
            "name": "/aws/service/ami-amazon-linux-latest/amzn2-ami-hvm-x86_64-gp2",
            "type": "String",
            "value": "ami-0dfe6158087b5c0ac",
            "version": 85,
            "with_decryption": true
          },
          "sensitive_attributes": []
        }
      ]
    },
    {
      "module": "module.ec2_instances[0]",
      "mode": "managed",
      "type": "aws_instance",
      "name": "this",
      "provider": "provider[\"registry.terraform.io/hashicorp/aws\"]",
      "instances": [
        {
          "index_key": 0,
          "schema_version": 1,
          "attributes": {
            "ami": "ami-0b2d89eba83fd3ed9",
            "arn": "arn:aws:ec2:eu-west-2:883758623178:instance/i-0c5c93012bf922a17",
            "associate_public_ip_address": true,
            "availability_zone": "eu-west-2b",
            "capacity_reservation_specification": [
              {
                "capacity_reservation_preference": "open",
                "capacity_reservation_target": []
              }
            ],
            "cpu_core_count": 1,
            "cpu_options": [
              {
                "amd_sev_snp": "",
                "core_count": 1,
                "threads_per_core": 1
              }
            ],
            "cpu_threads_per_core": 1,
            "credit_specification": [
              {
                "cpu_credits": "standard"
              }
            ],
            "disable_api_stop": false,
            "disable_api_termination": false,
            "ebs_block_device": [],
            "ebs_optimized": false,
            "enclave_options": [
              {
                "enabled": false
              }
            ],
            "ephemeral_block_device": [],
            "get_password_data": false,
            "hibernation": false,
            "host_id": "",
            "host_resource_group_arn": null,
            "iam_instance_profile": "ec2-s3-access-instance-profile",
            "id": "i-0c5c93012bf922a17",
            "instance_initiated_shutdown_behavior": "stop",
            "instance_state": "running",
            "instance_type": "t2.micro",
            "ipv6_address_count": 0,
            "ipv6_addresses": [],
            "key_name": "InstanceKey",
            "launch_template": [],
            "maintenance_options": [
              {
                "auto_recovery": "default"
              }
            ],
            "metadata_options": [
              {
                "http_endpoint": "enabled",
                "http_put_response_hop_limit": 1,
                "http_tokens": "optional",
                "instance_metadata_tags": "disabled"
              }
            ],
            "monitoring": false,
            "network_interface": [],
            "outpost_arn": "",
            "password_data": "",
            "placement_group": "",
            "placement_partition_number": 0,
            "primary_network_interface_id": "eni-0f4019f66080f1769",
            "private_dns": "ip-172-31-38-48.eu-west-2.compute.internal",
            "private_dns_name_options": [
              {
                "enable_resource_name_dns_a_record": false,
                "enable_resource_name_dns_aaaa_record": false,
                "hostname_type": "ip-name"
              }
            ],
            "private_ip": "172.31.38.48",
            "public_dns": "ec2-18-169-17-44.eu-west-2.compute.amazonaws.com",
            "public_ip": "18.169.17.44",
            "root_block_device": [
              {
                "delete_on_termination": true,
                "device_name": "/dev/xvda",
                "encrypted": false,
                "iops": 100,
                "kms_key_id": "",
                "tags": {},
                "throughput": 0,
                "volume_id": "vol-01a53c92903a3d8fa",
                "volume_size": 8,
                "volume_type": "gp2"
              }
            ],
            "secondary_private_ips": [],
            "security_groups": [
              "devops-practise-20230524164803862600000001"
            ],
            "source_dest_check": true,
            "subnet_id": "subnet-09f9f6391194fbc18",
            "tags": {
              "Name": "jenkins-server",
              "Project": "devops-practise"
            },
            "tags_all": {
              "Name": "jenkins-server",
              "Project": "devops-practise"
            },
            "tenancy": "default",
            "timeouts": {
              "create": null,
              "delete": null,
              "update": null
            },
            "user_data": null,
            "user_data_base64": "IyEvYmluL2Jhc2gKc3VkbyB5dW0gdXBkYXRlIOKAk3kKc3VkbyBhbWF6b24tbGludXgtZXh0cmFzIGluc3RhbGwgZXBlbCAteQpzdWRvIGFtYXpvbi1saW51eC1leHRyYXMgaW5zdGFsbCBqYXZhLW9wZW5qZGsxMSAteQpzdWRvIHdnZXQgLU8gL2V0Yy95dW0ucmVwb3MuZC9qZW5raW5zLnJlcG8gXAogIGh0dHBzOi8vcGtnLmplbmtpbnMuaW8vcmVkaGF0LXN0YWJsZS9qZW5raW5zLnJlcG8Kc3VkbyBycG0gLS1pbXBvcnQgaHR0cHM6Ly9wa2cuamVua2lucy5pby9yZWRoYXQtc3RhYmxlL2plbmtpbnMuaW8tMjAyMy5rZXkKc3VkbyB5dW0gdXBncmFkZSAteSAKc3VkbyB5dW0gaW5zdGFsbCBnaXQgLXkKc3VkbyB5dW0gaW5zdGFsbCBqZW5raW5zIC15CnN1ZG8gc3VkbyBzZXJ2aWNlIGplbmtpbnMgc3RhcnQKZWNobyAiamVua2lucy1zZXJ2ZXIiID4gL2V0Yy9ob3N0bmFtZSAmJiBob3N0bmFtZWN0bCBzZXQtaG9zdG5hbWUgImplbmtpbnMtc2VydmVyIgpzdWRvIHN1ZG8gc2VydmljZSBqZW5raW5zIHJlc3RhcnQKc3VkbyB5dW0gaW5zdGFsbCBnaXQgLXkKc3VkbyBta2RpciAvb3B0L21hdmVuCnN1ZG8gd2dldCAtTyAvb3B0L21hdmVuL2FwYWNoZS1tYXZlbi0zLjkuMi1iaW4udGFyLmd6IGh0dHBzOi8vZGxjZG4uYXBhY2hlLm9yZy9tYXZlbi9tYXZlbi0zLzMuOS4yL2JpbmFyaWVzL2FwYWNoZS1tYXZlbi0zLjkuMi1iaW4udGFyLmd6CnN1ZG8gdGFyIC14dnpmIC9vcHQvbWF2ZW4vYXBhY2hlLW1hdmVuLTMuOS4yLWJpbi50YXIuZ3ogLUMgL29wdC9tYXZlbgpzdWRvIG12IC9vcHQvbWF2ZW4vYXBhY2hlLW1hdmVuLTMuOS4yIC9vcHQvbWF2ZW4vYXBhY2hlLW1hdmVuICAgICAgCnN1ZG8gcm0gL29wdC9tYXZlbi9hcGFjaGUtbWF2ZW4tMy45LjItYmluLnRhci5negpleGlzdGluZ19wYXRoPSQoZ3JlcCAtb1AgJyg/PD1eUEFUSD0pLisnIH4vLmJhc2hfcHJvZmlsZSkKZWNobyAiTTJfSE9NRT0vb3B0L21hdmVuL2FwYWNoZS1tYXZlbiIgfCBzdWRvIHRlZSAtYSB+Ly5iYXNoX3Byb2ZpbGUgPi9kZXYvbnVsbAplY2hvICJNMj1cJE0yX0hPTUUvYmluIiB8IHN1ZG8gdGVlIC1hIH4vLmJhc2hfcHJvZmlsZSA+L2Rldi9udWxsCmVjaG8gIkpBVkFfSE9NRT0vdXNyL2xpYi9qdm0vamF2YS0xMS1vcGVuamRrLTExLjAuMTguMC4xMC0xLmFtem4yLjAuMS54ODZfNjQiIHwgc3VkbyB0ZWUgLWEgfi8uYmFzaF9wcm9maWxlID4vZGV2L251bGwKbmV3X3BhdGg9IlBBVEg9JFBBVEg6JEhPTUUvLmxvY2FsL2JpbjokSE9NRS9iaW46XCRNMl9IT01FOlwkTTI6XCRKQVZBX0hPTUUiCnVwZGF0ZWRfcGF0aD0iXCRQQVRIOiRIT01FL2JpbjokbmV3X3BhdGgiCnNlZCAtaSAicyNeUEFUSD0uKiNQQVRIPSR1cGRhdGVkX3BhdGgjIiB+Ly5iYXNoX3Byb2ZpbGUK",
            "user_data_replace_on_change": true,
            "volume_tags": {
              "Name": "jenkins-server"
            },
            "vpc_security_group_ids": [
              "sg-04e3b196d99fb85f9"
            ]
          },
          "sensitive_attributes": [],
          "private": "eyJlMmJmYjczMC1lY2FhLTExZTYtOGY4OC0zNDM2M2JjN2M0YzAiOnsiY3JlYXRlIjo2MDAwMDAwMDAwMDAsImRlbGV0ZSI6MTIwMDAwMDAwMDAwMCwidXBkYXRlIjo2MDAwMDAwMDAwMDB9LCJzY2hlbWFfdmVyc2lvbiI6IjEifQ==",
          "dependencies": [
            "aws_iam_instance_profile.ec2_s3_access",
            "aws_iam_role.ec2_s3_access",
            "data.aws_subnet_ids.public_subnets",
            "data.aws_vpc.default",
            "module.ec2_instances.aws_iam_instance_profile.this",
            "module.ec2_instances.data.aws_ssm_parameter.this",
            "module.security_group.aws_security_group.this",
            "module.security_group.aws_security_group.this_name_prefix"
          ]
        }
      ]
    },
    {
      "module": "module.ec2_instances[1]",
      "mode": "data",
      "type": "aws_partition",
      "name": "current",
      "provider": "provider[\"registry.terraform.io/hashicorp/aws\"]",
      "instances": [
        {
          "schema_version": 0,
          "attributes": {
            "dns_suffix": "amazonaws.com",
            "id": "aws",
            "partition": "aws",
            "reverse_dns_prefix": "com.amazonaws"
          },
          "sensitive_attributes": []
        }
      ]
    },
    {
      "module": "module.ec2_instances[1]",
      "mode": "data",
      "type": "aws_ssm_parameter",
      "name": "this",
      "provider": "provider[\"registry.terraform.io/hashicorp/aws\"]",
      "instances": [
        {
          "index_key": 0,
          "schema_version": 0,
          "attributes": {
            "arn": "arn:aws:ssm:eu-west-2::parameter/aws/service/ami-amazon-linux-latest/amzn2-ami-hvm-x86_64-gp2",
            "id": "/aws/service/ami-amazon-linux-latest/amzn2-ami-hvm-x86_64-gp2",
            "name": "/aws/service/ami-amazon-linux-latest/amzn2-ami-hvm-x86_64-gp2",
            "type": "String",
            "value": "ami-0dfe6158087b5c0ac",
            "version": 85,
            "with_decryption": true
          },
          "sensitive_attributes": []
        }
      ]
    },
    {
      "module": "module.ec2_instances[1]",
      "mode": "managed",
      "type": "aws_instance",
      "name": "this",
      "provider": "provider[\"registry.terraform.io/hashicorp/aws\"]",
      "instances": [
        {
          "index_key": 0,
          "schema_version": 1,
          "attributes": {
            "ami": "ami-0b2d89eba83fd3ed9",
            "arn": "arn:aws:ec2:eu-west-2:883758623178:instance/i-0aa4780b296e481b9",
            "associate_public_ip_address": true,
            "availability_zone": "eu-west-2b",
            "capacity_reservation_specification": [
              {
                "capacity_reservation_preference": "open",
                "capacity_reservation_target": []
              }
            ],
            "cpu_core_count": 1,
            "cpu_options": [
              {
                "amd_sev_snp": "",
                "core_count": 1,
                "threads_per_core": 1
              }
            ],
            "cpu_threads_per_core": 1,
            "credit_specification": [
              {
                "cpu_credits": "standard"
              }
            ],
            "disable_api_stop": false,
            "disable_api_termination": false,
            "ebs_block_device": [],
            "ebs_optimized": false,
            "enclave_options": [
              {
                "enabled": false
              }
            ],
            "ephemeral_block_device": [],
            "get_password_data": false,
            "hibernation": false,
            "host_id": "",
            "host_resource_group_arn": null,
            "iam_instance_profile": "ec2-s3-access-instance-profile",
            "id": "i-0aa4780b296e481b9",
            "instance_initiated_shutdown_behavior": "stop",
            "instance_state": "running",
            "instance_type": "t2.micro",
            "ipv6_address_count": 0,
            "ipv6_addresses": [],
            "key_name": "InstanceKey",
            "launch_template": [],
            "maintenance_options": [
              {
                "auto_recovery": "default"
              }
            ],
            "metadata_options": [
              {
                "http_endpoint": "enabled",
                "http_put_response_hop_limit": 1,
                "http_tokens": "optional",
                "instance_metadata_tags": "disabled"
              }
            ],
            "monitoring": false,
            "network_interface": [],
            "outpost_arn": "",
            "password_data": "",
            "placement_group": "",
            "placement_partition_number": 0,
            "primary_network_interface_id": "eni-0fe0dc7dd344add4c",
            "private_dns": "ip-172-31-33-198.eu-west-2.compute.internal",
            "private_dns_name_options": [
              {
                "enable_resource_name_dns_a_record": false,
                "enable_resource_name_dns_aaaa_record": false,
                "hostname_type": "ip-name"
              }
            ],
            "private_ip": "172.31.33.198",
            "public_dns": "ec2-18-130-35-46.eu-west-2.compute.amazonaws.com",
            "public_ip": "18.130.35.46",
            "root_block_device": [
              {
                "delete_on_termination": true,
                "device_name": "/dev/xvda",
                "encrypted": false,
                "iops": 100,
                "kms_key_id": "",
                "tags": {},
                "throughput": 0,
                "volume_id": "vol-0ed7ed90838e6c692",
                "volume_size": 8,
                "volume_type": "gp2"
              }
            ],
            "secondary_private_ips": [],
            "security_groups": [
              "devops-practise-20230524164803862600000001"
            ],
            "source_dest_check": true,
            "subnet_id": "subnet-09f9f6391194fbc18",
            "tags": {
              "Name": "tomcaat-instance",
              "Project": "devops-practise"
            },
            "tags_all": {
              "Name": "tomcaat-instance",
              "Project": "devops-practise"
            },
            "tenancy": "default",
            "timeouts": {
              "create": null,
              "delete": null,
              "update": null
            },
            "user_data": null,
            "user_data_base64": "IyEvYmluL2Jhc2gKc3VkbyB5dW0gdXBkYXRlIOKAk3kKc3VkbyBhbWF6b24tbGludXgtZXh0cmFzIGluc3RhbGwgamF2YS1vcGVuamRrMTEgLXkKc3VkbyBhbWF6b24tbGludXgtZXh0cmFzIGluc3RhbGwgZXBlbCAteQpzdWRvIHl1bSBpbnN0YWxsIGFuc2libGUgLXkKYW5zaWJsZS1nYWxheHkgY29sbGVjdGlvbiBpbnN0YWxsIGNvbW11bml0eS5nZW5lcmFsCnl1bSBpbnN0YWxsIC15IHB5dGhvbjMtYm90bzMKeXVtIGluc3RhbGwgLXkgcHl0aG9uMy1waXAKcGlwMyBpbnN0YWxsIGF3c2NsaQphd3MgczMgY3AgczM6Ly9hbnNpYmxlLWVjMi1jb2RlLTIwMjMtNDUvIC9ob21lL2VjMi11c2VyLyAtLXJlY3Vyc2l2ZQphbnNpYmxlLXBsYXlib29rIC9ob21lL2VjMi11c2VyL2luc3RhbGxfdG9tY2F0LnlhbWwKYW5zaWJsZS1wbGF5Ym9vayAvaG9tZS9lYzItdXNlci9pbnN0YWxsX3RvbWNhdF9hZG1pbi55YW1sCg==",
            "user_data_replace_on_change": true,
            "volume_tags": {
              "Name": "tomcaat-instance"
            },
            "vpc_security_group_ids": [
              "sg-04e3b196d99fb85f9"
            ]
          },
          "sensitive_attributes": [],
          "private": "eyJlMmJmYjczMC1lY2FhLTExZTYtOGY4OC0zNDM2M2JjN2M0YzAiOnsiY3JlYXRlIjo2MDAwMDAwMDAwMDAsImRlbGV0ZSI6MTIwMDAwMDAwMDAwMCwidXBkYXRlIjo2MDAwMDAwMDAwMDB9LCJzY2hlbWFfdmVyc2lvbiI6IjEifQ==",
          "dependencies": [
            "aws_iam_instance_profile.ec2_s3_access",
            "aws_iam_role.ec2_s3_access",
            "data.aws_subnet_ids.public_subnets",
            "data.aws_vpc.default",
            "module.ec2_instances.aws_iam_instance_profile.this",
            "module.ec2_instances.data.aws_ssm_parameter.this",
            "module.security_group.aws_security_group.this",
            "module.security_group.aws_security_group.this_name_prefix"
          ]
        }
      ]
    },
    {
      "module": "module.s3_bucket",
      "mode": "data",
      "type": "aws_caller_identity",
      "name": "current",
      "provider": "provider[\"registry.terraform.io/hashicorp/aws\"]",
      "instances": [
        {
          "schema_version": 0,
          "attributes": {
            "account_id": "883758623178",
            "arn": "arn:aws:iam::883758623178:user/Arinze-Admin",
            "id": "883758623178",
            "user_id": "AIDA43RA6NHFJRVDXED4F"
          },
          "sensitive_attributes": []
        }
      ]
    },
    {
      "module": "module.s3_bucket",
      "mode": "data",
      "type": "aws_canonical_user_id",
      "name": "this",
      "provider": "provider[\"registry.terraform.io/hashicorp/aws\"]",
      "instances": [
        {
          "schema_version": 0,
          "attributes": {
            "display_name": "",
            "id": "aa47d6e7032baab2cb94825ccc0c10e962c2c7a07f1bb97e080149e1e9815fbc"
          },
          "sensitive_attributes": []
        }
      ]
    },
    {
      "module": "module.s3_bucket",
      "mode": "data",
      "type": "aws_partition",
      "name": "current",
      "provider": "provider[\"registry.terraform.io/hashicorp/aws\"]",
      "instances": [
        {
          "schema_version": 0,
          "attributes": {
            "dns_suffix": "amazonaws.com",
            "id": "aws",
            "partition": "aws",
            "reverse_dns_prefix": "com.amazonaws"
          },
          "sensitive_attributes": []
        }
      ]
    },
    {
      "module": "module.s3_bucket",
      "mode": "data",
      "type": "aws_region",
      "name": "current",
      "provider": "provider[\"registry.terraform.io/hashicorp/aws\"]",
      "instances": [
        {
          "schema_version": 0,
          "attributes": {
            "description": "Europe (London)",
            "endpoint": "ec2.eu-west-2.amazonaws.com",
            "id": "eu-west-2",
            "name": "eu-west-2"
          },
          "sensitive_attributes": []
        }
      ]
    },
    {
      "module": "module.s3_bucket",
      "mode": "managed",
      "type": "aws_s3_bucket",
      "name": "this",
      "provider": "provider[\"registry.terraform.io/hashicorp/aws\"]",
      "instances": [
        {
          "index_key": 0,
          "schema_version": 0,
          "attributes": {
            "acceleration_status": "",
            "acl": null,
            "arn": "arn:aws:s3:::ansible-ec2-code-2023-45",
            "bucket": "ansible-ec2-code-2023-45",
            "bucket_domain_name": "ansible-ec2-code-2023-45.s3.amazonaws.com",
            "bucket_prefix": "",
            "bucket_regional_domain_name": "ansible-ec2-code-2023-45.s3.eu-west-2.amazonaws.com",
            "cors_rule": [],
            "force_destroy": false,
            "grant": [
              {
                "id": "aa47d6e7032baab2cb94825ccc0c10e962c2c7a07f1bb97e080149e1e9815fbc",
                "permissions": [
                  "FULL_CONTROL"
                ],
                "type": "CanonicalUser",
                "uri": ""
              }
            ],
            "hosted_zone_id": "Z3GKZC51ZF0DB4",
            "id": "ansible-ec2-code-2023-45",
            "lifecycle_rule": [],
            "logging": [],
            "object_lock_configuration": [],
            "object_lock_enabled": false,
            "policy": "",
            "region": "eu-west-2",
            "replication_configuration": [],
            "request_payer": "BucketOwner",
            "server_side_encryption_configuration": [
              {
                "rule": [
                  {
                    "apply_server_side_encryption_by_default": [
                      {
                        "kms_master_key_id": "",
                        "sse_algorithm": "AES256"
                      }
                    ],
                    "bucket_key_enabled": false
                  }
                ]
              }
            ],
            "tags": null,
            "tags_all": {},
            "timeouts": null,
            "versioning": [
              {
                "enabled": false,
                "mfa_delete": false
              }
            ],
            "website": [],
            "website_domain": null,
            "website_endpoint": null
          },
          "sensitive_attributes": [],
          "private": "eyJlMmJmYjczMC1lY2FhLTExZTYtOGY4OC0zNDM2M2JjN2M0YzAiOnsiY3JlYXRlIjoxMjAwMDAwMDAwMDAwLCJkZWxldGUiOjM2MDAwMDAwMDAwMDAsInJlYWQiOjEyMDAwMDAwMDAwMDAsInVwZGF0ZSI6MTIwMDAwMDAwMDAwMH19"
        }
      ]
    },
    {
      "module": "module.s3_bucket",
      "mode": "managed",
      "type": "aws_s3_bucket_acl",
      "name": "this",
      "provider": "provider[\"registry.terraform.io/hashicorp/aws\"]",
      "instances": [
        {
          "index_key": 0,
          "schema_version": 0,
          "attributes": {
            "access_control_policy": [
              {
                "grant": [
                  {
                    "grantee": [
                      {
                        "display_name": "",
                        "email_address": "",
                        "id": "aa47d6e7032baab2cb94825ccc0c10e962c2c7a07f1bb97e080149e1e9815fbc",
                        "type": "CanonicalUser",
                        "uri": ""
                      }
                    ],
                    "permission": "FULL_CONTROL"
                  }
                ],
                "owner": [
                  {
                    "display_name": "",
                    "id": "aa47d6e7032baab2cb94825ccc0c10e962c2c7a07f1bb97e080149e1e9815fbc"
                  }
                ]
              }
            ],
            "acl": "private",
            "bucket": "ansible-ec2-code-2023-45",
            "expected_bucket_owner": "",
            "id": "ansible-ec2-code-2023-45,private"
          },
          "sensitive_attributes": [],
          "private": "bnVsbA==",
          "dependencies": [
            "module.s3_bucket.aws_s3_bucket.this",
            "module.s3_bucket.aws_s3_bucket_ownership_controls.this",
            "module.s3_bucket.aws_s3_bucket_policy.this",
            "module.s3_bucket.aws_s3_bucket_public_access_block.this",
            "module.s3_bucket.data.aws_canonical_user_id.this"
          ]
        }
      ]
    },
    {
      "module": "module.s3_bucket",
      "mode": "managed",
      "type": "aws_s3_bucket_ownership_controls",
      "name": "this",
      "provider": "provider[\"registry.terraform.io/hashicorp/aws\"]",
      "instances": [
        {
          "index_key": 0,
          "schema_version": 0,
          "attributes": {
            "bucket": "ansible-ec2-code-2023-45",
            "id": "ansible-ec2-code-2023-45",
            "rule": [
              {
                "object_ownership": "ObjectWriter"
              }
            ]
          },
          "sensitive_attributes": [],
          "private": "bnVsbA==",
          "dependencies": [
            "module.s3_bucket.aws_s3_bucket.this",
            "module.s3_bucket.aws_s3_bucket_policy.this",
            "module.s3_bucket.aws_s3_bucket_public_access_block.this"
          ]
        }
      ]
    },
    {
      "module": "module.s3_bucket",
      "mode": "managed",
      "type": "aws_s3_bucket_public_access_block",
      "name": "this",
      "provider": "provider[\"registry.terraform.io/hashicorp/aws\"]",
      "instances": [
        {
          "index_key": 0,
          "schema_version": 0,
          "attributes": {
            "block_public_acls": true,
            "block_public_policy": true,
            "bucket": "ansible-ec2-code-2023-45",
            "id": "ansible-ec2-code-2023-45",
            "ignore_public_acls": true,
            "restrict_public_buckets": true
          },
          "sensitive_attributes": [],
          "private": "bnVsbA==",
          "dependencies": [
            "module.s3_bucket.aws_s3_bucket.this"
          ]
        }
      ]
    },
    {
      "module": "module.s3_bucket",
      "mode": "managed",
      "type": "aws_s3_bucket_versioning",
      "name": "this",
      "provider": "provider[\"registry.terraform.io/hashicorp/aws\"]",
      "instances": [
        {
          "index_key": 0,
          "schema_version": 0,
          "attributes": {
            "bucket": "ansible-ec2-code-2023-45",
            "expected_bucket_owner": "",
            "id": "ansible-ec2-code-2023-45",
            "mfa": null,
            "versioning_configuration": [
              {
                "mfa_delete": "",
                "status": "Enabled"
              }
            ]
          },
          "sensitive_attributes": [],
          "private": "bnVsbA==",
          "dependencies": [
            "module.s3_bucket.aws_s3_bucket.this"
          ]
        }
      ]
    },
    {
      "module": "module.security_group",
      "mode": "managed",
      "type": "aws_security_group",
      "name": "this_name_prefix",
      "provider": "provider[\"registry.terraform.io/hashicorp/aws\"]",
      "instances": [
        {
          "index_key": 0,
          "schema_version": 1,
          "attributes": {
            "arn": "arn:aws:ec2:eu-west-2:883758623178:security-group/sg-04e3b196d99fb85f9",
            "description": "Security group for example usage with EC2 instance",
            "egress": [],
            "id": "sg-04e3b196d99fb85f9",
            "ingress": [],
            "name": "devops-practise-20230524164803862600000001",
            "name_prefix": "devops-practise-",
            "owner_id": "883758623178",
            "revoke_rules_on_delete": false,
            "tags": {
              "Name": "devops-practise"
            },
            "tags_all": {
              "Name": "devops-practise"
            },
            "timeouts": {
              "create": "10m",
              "delete": "15m"
            },
            "vpc_id": "vpc-08a67ab45cb374970"
          },
          "sensitive_attributes": [],
          "private": "eyJlMmJmYjczMC1lY2FhLTExZTYtOGY4OC0zNDM2M2JjN2M0YzAiOnsiY3JlYXRlIjo2MDAwMDAwMDAwMDAsImRlbGV0ZSI6OTAwMDAwMDAwMDAwfSwic2NoZW1hX3ZlcnNpb24iOiIxIn0=",
          "dependencies": [
            "data.aws_vpc.default"
          ],
          "create_before_destroy": true
        }
      ]
    },
    {
      "module": "module.security_group",
      "mode": "managed",
      "type": "aws_security_group_rule",
      "name": "egress_rules",
      "provider": "provider[\"registry.terraform.io/hashicorp/aws\"]",
      "instances": [
        {
          "index_key": 0,
          "schema_version": 2,
          "attributes": {
            "cidr_blocks": [
              "0.0.0.0/0"
            ],
            "description": "All protocols",
            "from_port": -1,
            "id": "sgrule-2894720845",
            "ipv6_cidr_blocks": [
              "::/0"
            ],
            "prefix_list_ids": [],
            "protocol": "-1",
            "security_group_id": "sg-04e3b196d99fb85f9",
            "security_group_rule_id": "",
            "self": false,
            "source_security_group_id": null,
            "timeouts": null,
            "to_port": -1,
            "type": "egress"
          },
          "sensitive_attributes": [],
          "private": "eyJlMmJmYjczMC1lY2FhLTExZTYtOGY4OC0zNDM2M2JjN2M0YzAiOnsiY3JlYXRlIjozMDAwMDAwMDAwMDB9LCJzY2hlbWFfdmVyc2lvbiI6IjIifQ==",
          "dependencies": [
            "data.aws_vpc.default",
            "module.security_group.aws_security_group.this",
            "module.security_group.aws_security_group.this_name_prefix"
          ]
        }
      ]
    },
    {
      "module": "module.security_group",
      "mode": "managed",
      "type": "aws_security_group_rule",
      "name": "ingress_rules",
      "provider": "provider[\"registry.terraform.io/hashicorp/aws\"]",
      "instances": [
        {
          "index_key": 0,
          "schema_version": 2,
          "attributes": {
            "cidr_blocks": [
              "0.0.0.0/0"
            ],
            "description": "HTTPS",
            "from_port": 443,
            "id": "sgrule-4217956714",
            "ipv6_cidr_blocks": [],
            "prefix_list_ids": [],
            "protocol": "tcp",
            "security_group_id": "sg-04e3b196d99fb85f9",
            "security_group_rule_id": "sgr-066a657168d300c63",
            "self": false,
            "source_security_group_id": null,
            "timeouts": null,
            "to_port": 443,
            "type": "ingress"
          },
          "sensitive_attributes": [],
          "private": "eyJlMmJmYjczMC1lY2FhLTExZTYtOGY4OC0zNDM2M2JjN2M0YzAiOnsiY3JlYXRlIjozMDAwMDAwMDAwMDB9LCJzY2hlbWFfdmVyc2lvbiI6IjIifQ==",
          "dependencies": [
            "data.aws_vpc.default",
            "module.security_group.aws_security_group.this",
            "module.security_group.aws_security_group.this_name_prefix"
          ]
        },
        {
          "index_key": 1,
          "schema_version": 2,
          "attributes": {
            "cidr_blocks": [
              "0.0.0.0/0"
            ],
            "description": "HTTP",
            "from_port": 80,
            "id": "sgrule-1241335287",
            "ipv6_cidr_blocks": [],
            "prefix_list_ids": [],
            "protocol": "tcp",
            "security_group_id": "sg-04e3b196d99fb85f9",
            "security_group_rule_id": "sgr-0f191bdc3f0299129",
            "self": false,
            "source_security_group_id": null,
            "timeouts": null,
            "to_port": 80,
            "type": "ingress"
          },
          "sensitive_attributes": [],
          "private": "eyJlMmJmYjczMC1lY2FhLTExZTYtOGY4OC0zNDM2M2JjN2M0YzAiOnsiY3JlYXRlIjozMDAwMDAwMDAwMDB9LCJzY2hlbWFfdmVyc2lvbiI6IjIifQ==",
          "dependencies": [
            "data.aws_vpc.default",
            "module.security_group.aws_security_group.this",
            "module.security_group.aws_security_group.this_name_prefix"
          ]
        },
        {
          "index_key": 2,
          "schema_version": 2,
          "attributes": {
            "cidr_blocks": [
              "0.0.0.0/0"
            ],
            "description": "SSH",
            "from_port": 22,
            "id": "sgrule-4285995074",
            "ipv6_cidr_blocks": [],
            "prefix_list_ids": [],
            "protocol": "tcp",
            "security_group_id": "sg-04e3b196d99fb85f9",
            "security_group_rule_id": "sgr-0ea1a4d141bf0cd63",
            "self": false,
            "source_security_group_id": null,
            "timeouts": null,
            "to_port": 22,
            "type": "ingress"
          },
          "sensitive_attributes": [],
          "private": "eyJlMmJmYjczMC1lY2FhLTExZTYtOGY4OC0zNDM2M2JjN2M0YzAiOnsiY3JlYXRlIjozMDAwMDAwMDAwMDB9LCJzY2hlbWFfdmVyc2lvbiI6IjIifQ==",
          "dependencies": [
            "data.aws_vpc.default",
            "module.security_group.aws_security_group.this",
            "module.security_group.aws_security_group.this_name_prefix"
          ]
        },
        {
          "index_key": 3,
          "schema_version": 2,
          "attributes": {
            "cidr_blocks": [
              "0.0.0.0/0"
            ],
            "description": "All IPV4 ICMP",
            "from_port": -1,
            "id": "sgrule-1527841204",
            "ipv6_cidr_blocks": [],
            "prefix_list_ids": [],
            "protocol": "icmp",
            "security_group_id": "sg-04e3b196d99fb85f9",
            "security_group_rule_id": "sgr-045354ccc7ebdd0ff",
            "self": false,
            "source_security_group_id": null,
            "timeouts": null,
            "to_port": -1,
            "type": "ingress"
          },
          "sensitive_attributes": [],
          "private": "eyJlMmJmYjczMC1lY2FhLTExZTYtOGY4OC0zNDM2M2JjN2M0YzAiOnsiY3JlYXRlIjozMDAwMDAwMDAwMDB9LCJzY2hlbWFfdmVyc2lvbiI6IjIifQ==",
          "dependencies": [
            "data.aws_vpc.default",
            "module.security_group.aws_security_group.this",
            "module.security_group.aws_security_group.this_name_prefix"
          ]
        },
        {
          "index_key": 4,
          "schema_version": 2,
          "attributes": {
            "cidr_blocks": [
              "0.0.0.0/0"
            ],
            "description": "HTTP",
            "from_port": 8080,
            "id": "sgrule-382692197",
            "ipv6_cidr_blocks": [],
            "prefix_list_ids": [],
            "protocol": "tcp",
            "security_group_id": "sg-04e3b196d99fb85f9",
            "security_group_rule_id": "sgr-0b901d1d7df83edff",
            "self": false,
            "source_security_group_id": null,
            "timeouts": null,
            "to_port": 8080,
            "type": "ingress"
          },
          "sensitive_attributes": [],
          "private": "eyJlMmJmYjczMC1lY2FhLTExZTYtOGY4OC0zNDM2M2JjN2M0YzAiOnsiY3JlYXRlIjozMDAwMDAwMDAwMDB9LCJzY2hlbWFfdmVyc2lvbiI6IjIifQ==",
          "dependencies": [
            "data.aws_vpc.default",
            "module.security_group.aws_security_group.this",
            "module.security_group.aws_security_group.this_name_prefix"
          ]
        }
      ]
    }
  ],
  "check_results": null
}
